// !$*UTF8*$!
{
	archiveVersion = 1;
	classes = {
	};
	objectVersion = 46;
	objects = {
/* Begin PBXBuildFile section */
		1D3623260D0F684500981E51 /* AppDelegate.m in Sources */ = {isa = PBXBuildFile; fileRef = 1D3623250D0F684500981E51 /* AppDelegate.m */; };
		1D60589B0D05DD56006BFB54 /* main.m in Sources */ = {isa = PBXBuildFile; fileRef = 29B97316FDCFA39411CA2CEA /* main.m */; };
		301BF552109A68D80062928A /* libCordova.a in Frameworks */ = {isa = PBXBuildFile; fileRef = 301BF535109A57CC0062928A /* libCordova.a */; };
		302D95F114D2391D003F00A1 /* MainViewController.m in Sources */ = {isa = PBXBuildFile; fileRef = 302D95EF14D2391D003F00A1 /* MainViewController.m */; };
		302D95F214D2391D003F00A1 /* MainViewController.xib in Resources */ = {isa = PBXBuildFile; fileRef = 302D95F014D2391D003F00A1 /* MainViewController.xib */; };
		3047A5121AB8059700498E2A /* build-debug.xcconfig in Resources */ = {isa = PBXBuildFile; fileRef = 3047A50F1AB8059700498E2A /* build-debug.xcconfig */; };
		3047A5131AB8059700498E2A /* build-release.xcconfig in Resources */ = {isa = PBXBuildFile; fileRef = 3047A5101AB8059700498E2A /* build-release.xcconfig */; };
		3047A5141AB8059700498E2A /* build.xcconfig in Resources */ = {isa = PBXBuildFile; fileRef = 3047A5111AB8059700498E2A /* build.xcconfig */; };
		6AFF5BF91D6E424B00AB3073 /* CDVLaunchScreen.storyboard in Resources */ = {isa = PBXBuildFile; fileRef = 6AFF5BF81D6E424B00AB3073 /* CDVLaunchScreen.storyboard */; };
		C917F1F4F9AD4C7D9AECE3D1 /* Default-568h@2x.png in Resources */ = {isa = PBXBuildFile; fileRef = D24BE85F2C3D40F8A1D780E7 /* Default-568h@2x.png */; };
		E1D72B1801D845C19C96AD21 /* Default-667h.png in Resources */ = {isa = PBXBuildFile; fileRef = 42F2CBEBEABC45329DCBAE30 /* Default-667h.png */; };
		5E562E08D2E3471FBA9BADE3 /* Default-736h.png in Resources */ = {isa = PBXBuildFile; fileRef = 6A728909BAF34BEA9B442DDA /* Default-736h.png */; };
		37BAE696BAE14EF4B6045A8D /* Default-Landscape-1366@2x.png in Resources */ = {isa = PBXBuildFile; fileRef = CDC26DD4DAFE447CB6C7FADD /* Default-Landscape-1366@2x.png */; };
		0039CBC5C8974F90BCE40380 /* Default-Landscape-667h.png in Resources */ = {isa = PBXBuildFile; fileRef = 086A8053A38148E8BF37D89F /* Default-Landscape-667h.png */; };
		3C7E1F2D2F6348EAA0B53241 /* Default-Landscape-736h.png in Resources */ = {isa = PBXBuildFile; fileRef = 661E88C81F4D4144AA7C132D /* Default-Landscape-736h.png */; };
		06C4E1D211DC497AA9CC981C /* Default-Landscape.png in Resources */ = {isa = PBXBuildFile; fileRef = 4FFCC28A24424A62A690F1C9 /* Default-Landscape.png */; };
		8734AE72E57743AE844DC67A /* Default-Landscape@2x.png in Resources */ = {isa = PBXBuildFile; fileRef = 8351F094A8914FA68A2D84D0 /* Default-Landscape@2x.png */; };
		C011E394E5F04863AD86DF38 /* Default-Portrait-1366@2x.png in Resources */ = {isa = PBXBuildFile; fileRef = 3194A0C6F1F44396A5EA46A9 /* Default-Portrait-1366@2x.png */; };
		0BB0F8B1089949C5AF86F5D9 /* Default-Portrait.png in Resources */ = {isa = PBXBuildFile; fileRef = A89040FF8F534EBFAFC6A964 /* Default-Portrait.png */; };
		29088416B77249E093F7C990 /* Default-Portrait@2x.png in Resources */ = {isa = PBXBuildFile; fileRef = 3E19812EC6C14445A65F900E /* Default-Portrait@2x.png */; };
		4E1335F80B444EBB841D5ECB /* Default.png in Resources */ = {isa = PBXBuildFile; fileRef = EF7ADDC9AD684AD69A7E7694 /* Default.png */; };
		DA24E6F547E94221BAD31C48 /* Default@2x.png in Resources */ = {isa = PBXBuildFile; fileRef = E6180A3C11D34E4D8F455285 /* Default@2x.png */; };
		18538558400D48C4BBD5E3DA /* icon-40.png in Resources */ = {isa = PBXBuildFile; fileRef = BD088A7ABA574EE98816A6C3 /* icon-40.png */; };
		3EE39D88F681417790314279 /* icon-40@2x.png in Resources */ = {isa = PBXBuildFile; fileRef = F79E7D9B50D74D0C8C9F8335 /* icon-40@2x.png */; };
		FAF702EF72484C5D836E82AE /* Icon-40@3x.png in Resources */ = {isa = PBXBuildFile; fileRef = 32FED76C729A41869988445F /* Icon-40@3x.png */; };
		2E2B4905361B49A2845AC197 /* icon-60.png in Resources */ = {isa = PBXBuildFile; fileRef = 0E56C1249399490F9FC172FA /* icon-60.png */; };
		ECDE38CB0B444FB69C21BE8F /* icon-60@2x.png in Resources */ = {isa = PBXBuildFile; fileRef = E33552F918B143719D68B326 /* icon-60@2x.png */; };
		6273520E324D42F2849E5850 /* Icon-60@3x.png in Resources */ = {isa = PBXBuildFile; fileRef = 412C6379320640E1B9C88604 /* Icon-60@3x.png */; };
		4CE7617FDF61400CA8DD979A /* icon-72.png in Resources */ = {isa = PBXBuildFile; fileRef = 02535C1981C04BB2BBDEF8BC /* icon-72.png */; };
		12FECD3C646E49B5A049012C /* icon-72@2x.png in Resources */ = {isa = PBXBuildFile; fileRef = 60CAEF46F13B4FFF95E7B162 /* icon-72@2x.png */; };
		414025FF3AA74D53A27B11BF /* icon-76.png in Resources */ = {isa = PBXBuildFile; fileRef = B08B73AF20D346CE82B59E27 /* icon-76.png */; };
		E30DF32254DD47EA8E60EE15 /* icon-76@2x.png in Resources */ = {isa = PBXBuildFile; fileRef = 13FB85AF160F437793A4D4A0 /* icon-76@2x.png */; };
		14B44EA2E18145AAA2C3D00C /* icon-83.5@2x.png in Resources */ = {isa = PBXBuildFile; fileRef = E27B85FEE50A47A79816421D /* icon-83.5@2x.png */; };
		938F50DE34824D7AA9BF8611 /* Icon-Small-50.png in Resources */ = {isa = PBXBuildFile; fileRef = DC9BE7B495AD4693982507FC /* Icon-Small-50.png */; };
		53FE0D6291754D72A8CA6139 /* Icon-Small-50@2x.png in Resources */ = {isa = PBXBuildFile; fileRef = 4C954605DAD043AB8F20ACD3 /* Icon-Small-50@2x.png */; };
		2577A115042044899BF25670 /* Icon-Small.png in Resources */ = {isa = PBXBuildFile; fileRef = 977BEA3FE3534EC999AE093F /* Icon-Small.png */; };
		6338BF3617854DAF87F7C763 /* Icon-Small@2x.png in Resources */ = {isa = PBXBuildFile; fileRef = 4DF3966664474D53963501AA /* Icon-Small@2x.png */; };
		5C30DB061B4D4DE8AE9A3315 /* icon.png in Resources */ = {isa = PBXBuildFile; fileRef = 83E547905AE54A868519F974 /* icon.png */; };
		A8B06AA28147478DB32A9D4F /* icon@2x.png in Resources */ = {isa = PBXBuildFile; fileRef = B865084B69D04294B56F1646 /* icon@2x.png */; };
		595B20DB24C74E3E8A0AFA08 /* watch-172x172.png in Resources */ = {isa = PBXBuildFile; fileRef = A6AD867404624A3BBEA08117 /* watch-172x172.png */; };
		11EDF1B83E2B440187257A73 /* watch-196x196.png in Resources */ = {isa = PBXBuildFile; fileRef = 43CF507BA84C4E95AC48EC73 /* watch-196x196.png */; };
		FD0FD586C5BE4AFCB12BB6D7 /* watch-48x48.png in Resources */ = {isa = PBXBuildFile; fileRef = 93771465521A46B2A6FCBAB5 /* watch-48x48.png */; };
		316A6E907D0C46CE804286D7 /* watch-55x55.png in Resources */ = {isa = PBXBuildFile; fileRef = AA32ED68DFC3429B851CEE9E /* watch-55x55.png */; };
		D5E012E2DAB84A8BBF0EA8A1 /* watch-58x58.png in Resources */ = {isa = PBXBuildFile; fileRef = D3BDF56272F745C1B9939596 /* watch-58x58.png */; };
		2C928E6CD1B946E19830060F /* watch-80x80.png in Resources */ = {isa = PBXBuildFile; fileRef = C97B65C0ED164803B056B91C /* watch-80x80.png */; };
		62BD0742B382403C8DA03AF4 /* watch-87x87.png in Resources */ = {isa = PBXBuildFile; fileRef = 8CC90DE3BCE94E5CADF55717 /* watch-87x87.png */; };
		86F3091EDCED4A408D2B7703 /* watch-88x88.png in Resources */ = {isa = PBXBuildFile; fileRef = 6275AB07AECC4BD9938984C3 /* watch-88x88.png */; };
		A0E90DE78797478F89BB39A2 /* SQLitePlugin.m in Sources */ = {isa = PBXBuildFile; fileRef = 044D8CC6BF9E410C8E687B53 /* SQLitePlugin.m */; };
		5DD92C32C5AE47A1A4F7363C /* libsqlite3.dylib in Frameworks */ = {isa = PBXBuildFile; fileRef = DB37898161844F9DA45E90F5 /* libsqlite3.dylib */; };
		1BE8D509EC244C53820135C9 /* CDVBattery.m in Sources */ = {isa = PBXBuildFile; fileRef = 138ADED347B9438E9F4CF896 /* CDVBattery.m */; };
		0CA7E7107D2042E0AC914E82 /* CDVLogger.m in Sources */ = {isa = PBXBuildFile; fileRef = A979D32156FF478ABFD129A4 /* CDVLogger.m */; };
		ECA3E7D6F1DC4A048C93E535 /* CDVDevice.m in Sources */ = {isa = PBXBuildFile; fileRef = 5B9164BCC7B6468384073A20 /* CDVDevice.m */; };
		862861A942E24C7ABAF34633 /* CDVAccelerometer.m in Sources */ = {isa = PBXBuildFile; fileRef = 902B0F8FB6674FE1BC578D11 /* CDVAccelerometer.m */; };
		6444A97179B048B39EDEF46B /* CoreMotion.framework in Frameworks */ = {isa = PBXBuildFile; fileRef = 5364A2DC4BD74A06BF26C398 /* CoreMotion.framework */; };
		C652C8D17D504892B33C2115 /* CDVCompass.m in Sources */ = {isa = PBXBuildFile; fileRef = 61326057137A4FEAB2F813CA /* CDVCompass.m */; };
		48FD32B5AB994A86BB95C8DB /* CoreLocation.framework in Frameworks */ = {isa = PBXBuildFile; fileRef = 238BCAE457D04A19AFB58BD6 /* CoreLocation.framework */; };
		19901148B049468EAF1698F7 /* CDVNotification.m in Sources */ = {isa = PBXBuildFile; fileRef = 1E60B73CB58740FABDEE6A0F /* CDVNotification.m */; };
		A8B4A5A4B14E4460B73476B3 /* CDVNotification.bundle in Resources */ = {isa = PBXBuildFile; fileRef = AEF62428C19E4CBB950A49E0 /* CDVNotification.bundle */; };
		766193426CE44FCD9A899515 /* AudioToolbox.framework in Frameworks */ = {isa = PBXBuildFile; fileRef = 1E47393B5C1E4D28BF9B1E06 /* AudioToolbox.framework */; settings = {ATTRIBUTES = (Weak, ); }; };
		C63895D32FC2452A874425FD /* CDVFile.m in Sources */ = {isa = PBXBuildFile; fileRef = E9F271C7608F4D95B2AF2C1F /* CDVFile.m */; };
		D2F79A6405164A3AB30453C7 /* CDVLocalFilesystem.m in Sources */ = {isa = PBXBuildFile; fileRef = C6C9CE48811B4C9F83EBA89A /* CDVLocalFilesystem.m */; };
		8360372618E54F2CB8206239 /* CDVAssetLibraryFilesystem.m in Sources */ = {isa = PBXBuildFile; fileRef = 9422F223717C42D498A86B49 /* CDVAssetLibraryFilesystem.m */; };
		2776E8672A91448DB6F662CF /* CDVFileTransfer.m in Sources */ = {isa = PBXBuildFile; fileRef = 5BB1BFDC586B4CCA874F8396 /* CDVFileTransfer.m */; };
		53ADB701EEA3494193162EC4 /* CDVInAppBrowser.m in Sources */ = {isa = PBXBuildFile; fileRef = 831CF0DC70464F44B208F7E6 /* CDVInAppBrowser.m */; };
		56C5F40D5DC74DD180756666 /* CDVConnection.m in Sources */ = {isa = PBXBuildFile; fileRef = 44F7550F2DC9423C807C1675 /* CDVConnection.m */; };
		5839807C6F024455AA78D038 /* CDVReachability.m in Sources */ = {isa = PBXBuildFile; fileRef = FCA687DC291244418EC7E1CD /* CDVReachability.m */; };
		EAF6C0E109E549D8BD72285C /* SystemConfiguration.framework in Frameworks */ = {isa = PBXBuildFile; fileRef = 14496E237B1F4262AAA61ED5 /* SystemConfiguration.framework */; settings = {ATTRIBUTES = (Weak, ); }; };
		882A2C24F05F4103AFCC329A /* CoreTelephony.framework in Frameworks */ = {isa = PBXBuildFile; fileRef = 97DD5C62702F47469C864F2C /* CoreTelephony.framework */; };
		5F4C82AC306A46BEBFAA77EB /* CDVSplashScreen.m in Sources */ = {isa = PBXBuildFile; fileRef = 25D6D2E35E444C2C98B9C635 /* CDVSplashScreen.m */; };
		C6E23830F218408FBC2589DF /* CDVViewController+SplashScreen.m in Sources */ = {isa = PBXBuildFile; fileRef = 862993A18AA24B26BA42FDE0 /* CDVViewController+SplashScreen.m */; };
		F321B388D4BC47E3BFD8D1D4 /* CDVStatusBar.m in Sources */ = {isa = PBXBuildFile; fileRef = F5FA0284FB7D44BCBA61842E /* CDVStatusBar.m */; };
		8C25CFCEABD746B0A45642B6 /* CDVVibration.m in Sources */ = {isa = PBXBuildFile; fileRef = 260239D953B8497DBC98B38D /* CDVVibration.m */; };
		00B5C9ED09294A92AA1F7741 /* NSString+URLEncoding.m in Sources */ = {isa = PBXBuildFile; fileRef = 13352EC2A66D4DB2A96336C7 /* NSString+URLEncoding.m */; };
		3E28A4F475384A48A1F31013 /* SocialSharing.m in Sources */ = {isa = PBXBuildFile; fileRef = 1BB5925E41C2498B8D8620DB /* SocialSharing.m */; };
		89C505E0494647AC92869649 /* Social.framework in Frameworks */ = {isa = PBXBuildFile; fileRef = 5E8AFCEB32324627A144F05A /* Social.framework */; settings = {ATTRIBUTES = (Weak, ); }; };
		B713F1CC9A544E4FAACB9EC8 /* MessageUI.framework in Frameworks */ = {isa = PBXBuildFile; fileRef = 6C452AB5FFBF4A8C9A831142 /* MessageUI.framework */; settings = {ATTRIBUTES = (Weak, ); }; };
/* End PBXBuildFile section */

/* Begin PBXContainerItemProxy section */
		301BF534109A57CC0062928A /* PBXContainerItemProxy */ = {
			isa = PBXContainerItemProxy;
			containerPortal = 301BF52D109A57CC0062928A /* CordovaLib.xcodeproj */;
			proxyType = 2;
			remoteGlobalIDString = D2AAC07E0554694100DB518D;
			remoteInfo = CordovaLib;
		};
		301BF550109A68C00062928A /* PBXContainerItemProxy */ = {
			isa = PBXContainerItemProxy;
			containerPortal = 301BF52D109A57CC0062928A /* CordovaLib.xcodeproj */;
			proxyType = 1;
			remoteGlobalIDString = D2AAC07D0554694100DB518D;
			remoteInfo = CordovaLib;
		};
/* End PBXContainerItemProxy section */

/* Begin PBXFileReference section */
		1D3623240D0F684500981E51 /* AppDelegate.h */ = {isa = PBXFileReference; fileEncoding = 4; lastKnownFileType = sourcecode.c.h; path = AppDelegate.h; sourceTree = "<group>"; };
		1D3623250D0F684500981E51 /* AppDelegate.m */ = {isa = PBXFileReference; fileEncoding = 4; lastKnownFileType = sourcecode.c.objc; path = AppDelegate.m; sourceTree = "<group>"; };
		1D6058910D05DD3D006BFB54 /* nw.app */ = {isa = PBXFileReference; explicitFileType = wrapper.application; includeInIndex = 0; path = "nw.app"; sourceTree = BUILT_PRODUCTS_DIR; };
		29B97316FDCFA39411CA2CEA /* main.m */ = {isa = PBXFileReference; fileEncoding = 4; lastKnownFileType = sourcecode.c.objc; path = main.m; sourceTree = "<group>"; };
		301BF52D109A57CC0062928A /* CordovaLib.xcodeproj */ = {isa = PBXFileReference; lastKnownFileType = "wrapper.pb-project"; name = CordovaLib.xcodeproj; path = CordovaLib/CordovaLib.xcodeproj; sourceTree = "<group>"; };
		301BF56E109A69640062928A /* www */ = {isa = PBXFileReference; lastKnownFileType = folder; path = www; sourceTree = SOURCE_ROOT; };
		302D95EE14D2391D003F00A1 /* MainViewController.h */ = {isa = PBXFileReference; fileEncoding = 4; lastKnownFileType = sourcecode.c.h; path = MainViewController.h; sourceTree = "<group>"; };
		302D95EF14D2391D003F00A1 /* MainViewController.m */ = {isa = PBXFileReference; fileEncoding = 4; lastKnownFileType = sourcecode.c.objc; path = MainViewController.m; sourceTree = "<group>"; };
		302D95F014D2391D003F00A1 /* MainViewController.xib */ = {isa = PBXFileReference; fileEncoding = 4; lastKnownFileType = file.xib; path = MainViewController.xib; sourceTree = "<group>"; };
		3047A50F1AB8059700498E2A /* build-debug.xcconfig */ = {isa = PBXFileReference; fileEncoding = 4; lastKnownFileType = text.xcconfig; name = "build-debug.xcconfig"; path = cordova/build-debug.xcconfig; sourceTree = SOURCE_ROOT; };
		3047A5101AB8059700498E2A /* build-release.xcconfig */ = {isa = PBXFileReference; fileEncoding = 4; lastKnownFileType = text.xcconfig; name = "build-release.xcconfig"; path = cordova/build-release.xcconfig; sourceTree = SOURCE_ROOT; };
		3047A5111AB8059700498E2A /* build.xcconfig */ = {isa = PBXFileReference; fileEncoding = 4; lastKnownFileType = text.xcconfig; name = build.xcconfig; path = cordova/build.xcconfig; sourceTree = SOURCE_ROOT; };
		32CA4F630368D1EE00C91783 /* nw-Prefix.pch */ = {isa = PBXFileReference; fileEncoding = 4; lastKnownFileType = sourcecode.c.h; path = "nw-Prefix.pch"; sourceTree = "<group>"; };
		6AFF5BF81D6E424B00AB3073 /* CDVLaunchScreen.storyboard */ = {isa = PBXFileReference; fileEncoding = 4; lastKnownFileType = file.storyboard; name = CDVLaunchScreen.storyboard; path = "nw/CDVLaunchScreen.storyboard"; sourceTree = SOURCE_ROOT; };
		8D1107310486CEB800E47090 /* nw-Info.plist */ = {isa = PBXFileReference; fileEncoding = 4; lastKnownFileType = text.plist.xml; name = "nw-Info.plist"; path = "nw/nw-Info.plist"; plistStructureDefinitionIdentifier = "com.apple.xcode.plist.structure-definition.iphone.info-plist"; sourceTree = SOURCE_ROOT; };
		EB87FDF31871DA8E0020F90C /* www */ = {isa = PBXFileReference; lastKnownFileType = folder; name = www; path = ../../www; sourceTree = "<group>"; };
		EB87FDF41871DAF40020F90C /* config.xml */ = {isa = PBXFileReference; lastKnownFileType = text.xml; name = config.xml; path = ../../config.xml; sourceTree = "<group>"; };
		F840E1F0165FE0F500CFE078 /* config.xml */ = {isa = PBXFileReference; lastKnownFileType = text.xml; name = config.xml; path = "nw/config.xml"; sourceTree = "<group>"; };
		ED33DF2A687741AEAF9F8254 /* Bridging-Header.h */ = {isa = PBXFileReference; fileEncoding = 4; lastKnownFileType = sourcecode.c.h; name = "Bridging-Header.h"; path = "Bridging-Header.h"; sourceTree = "<group>"; };
		D24BE85F2C3D40F8A1D780E7 /* Default-568h@2x.png */ = {isa = PBXFileReference; name = "Default-568h@2x.png"; path = "Default-568h@2x.png"; sourceTree = "<group>"; fileEncoding = undefined; lastKnownFileType = unknown; explicitFileType = undefined; includeInIndex = 0; };
		42F2CBEBEABC45329DCBAE30 /* Default-667h.png */ = {isa = PBXFileReference; name = "Default-667h.png"; path = "Default-667h.png"; sourceTree = "<group>"; fileEncoding = undefined; lastKnownFileType = unknown; explicitFileType = undefined; includeInIndex = 0; };
		6A728909BAF34BEA9B442DDA /* Default-736h.png */ = {isa = PBXFileReference; name = "Default-736h.png"; path = "Default-736h.png"; sourceTree = "<group>"; fileEncoding = undefined; lastKnownFileType = unknown; explicitFileType = undefined; includeInIndex = 0; };
		CDC26DD4DAFE447CB6C7FADD /* Default-Landscape-1366@2x.png */ = {isa = PBXFileReference; name = "Default-Landscape-1366@2x.png"; path = "Default-Landscape-1366@2x.png"; sourceTree = "<group>"; fileEncoding = undefined; lastKnownFileType = unknown; explicitFileType = undefined; includeInIndex = 0; };
		086A8053A38148E8BF37D89F /* Default-Landscape-667h.png */ = {isa = PBXFileReference; name = "Default-Landscape-667h.png"; path = "Default-Landscape-667h.png"; sourceTree = "<group>"; fileEncoding = undefined; lastKnownFileType = unknown; explicitFileType = undefined; includeInIndex = 0; };
		661E88C81F4D4144AA7C132D /* Default-Landscape-736h.png */ = {isa = PBXFileReference; name = "Default-Landscape-736h.png"; path = "Default-Landscape-736h.png"; sourceTree = "<group>"; fileEncoding = undefined; lastKnownFileType = unknown; explicitFileType = undefined; includeInIndex = 0; };
		4FFCC28A24424A62A690F1C9 /* Default-Landscape.png */ = {isa = PBXFileReference; name = "Default-Landscape.png"; path = "Default-Landscape.png"; sourceTree = "<group>"; fileEncoding = undefined; lastKnownFileType = unknown; explicitFileType = undefined; includeInIndex = 0; };
		8351F094A8914FA68A2D84D0 /* Default-Landscape@2x.png */ = {isa = PBXFileReference; name = "Default-Landscape@2x.png"; path = "Default-Landscape@2x.png"; sourceTree = "<group>"; fileEncoding = undefined; lastKnownFileType = unknown; explicitFileType = undefined; includeInIndex = 0; };
		3194A0C6F1F44396A5EA46A9 /* Default-Portrait-1366@2x.png */ = {isa = PBXFileReference; name = "Default-Portrait-1366@2x.png"; path = "Default-Portrait-1366@2x.png"; sourceTree = "<group>"; fileEncoding = undefined; lastKnownFileType = unknown; explicitFileType = undefined; includeInIndex = 0; };
		A89040FF8F534EBFAFC6A964 /* Default-Portrait.png */ = {isa = PBXFileReference; name = "Default-Portrait.png"; path = "Default-Portrait.png"; sourceTree = "<group>"; fileEncoding = undefined; lastKnownFileType = unknown; explicitFileType = undefined; includeInIndex = 0; };
		3E19812EC6C14445A65F900E /* Default-Portrait@2x.png */ = {isa = PBXFileReference; name = "Default-Portrait@2x.png"; path = "Default-Portrait@2x.png"; sourceTree = "<group>"; fileEncoding = undefined; lastKnownFileType = unknown; explicitFileType = undefined; includeInIndex = 0; };
		EF7ADDC9AD684AD69A7E7694 /* Default.png */ = {isa = PBXFileReference; name = "Default.png"; path = "Default.png"; sourceTree = "<group>"; fileEncoding = undefined; lastKnownFileType = unknown; explicitFileType = undefined; includeInIndex = 0; };
		E6180A3C11D34E4D8F455285 /* Default@2x.png */ = {isa = PBXFileReference; name = "Default@2x.png"; path = "Default@2x.png"; sourceTree = "<group>"; fileEncoding = undefined; lastKnownFileType = unknown; explicitFileType = undefined; includeInIndex = 0; };
		BD088A7ABA574EE98816A6C3 /* icon-40.png */ = {isa = PBXFileReference; name = "icon-40.png"; path = "icon-40.png"; sourceTree = "<group>"; fileEncoding = undefined; lastKnownFileType = unknown; explicitFileType = undefined; includeInIndex = 0; };
		F79E7D9B50D74D0C8C9F8335 /* icon-40@2x.png */ = {isa = PBXFileReference; name = "icon-40@2x.png"; path = "icon-40@2x.png"; sourceTree = "<group>"; fileEncoding = undefined; lastKnownFileType = unknown; explicitFileType = undefined; includeInIndex = 0; };
		32FED76C729A41869988445F /* Icon-40@3x.png */ = {isa = PBXFileReference; name = "Icon-40@3x.png"; path = "Icon-40@3x.png"; sourceTree = "<group>"; fileEncoding = undefined; lastKnownFileType = unknown; explicitFileType = undefined; includeInIndex = 0; };
		0E56C1249399490F9FC172FA /* icon-60.png */ = {isa = PBXFileReference; name = "icon-60.png"; path = "icon-60.png"; sourceTree = "<group>"; fileEncoding = undefined; lastKnownFileType = unknown; explicitFileType = undefined; includeInIndex = 0; };
		E33552F918B143719D68B326 /* icon-60@2x.png */ = {isa = PBXFileReference; name = "icon-60@2x.png"; path = "icon-60@2x.png"; sourceTree = "<group>"; fileEncoding = undefined; lastKnownFileType = unknown; explicitFileType = undefined; includeInIndex = 0; };
		412C6379320640E1B9C88604 /* Icon-60@3x.png */ = {isa = PBXFileReference; name = "Icon-60@3x.png"; path = "Icon-60@3x.png"; sourceTree = "<group>"; fileEncoding = undefined; lastKnownFileType = unknown; explicitFileType = undefined; includeInIndex = 0; };
		02535C1981C04BB2BBDEF8BC /* icon-72.png */ = {isa = PBXFileReference; name = "icon-72.png"; path = "icon-72.png"; sourceTree = "<group>"; fileEncoding = undefined; lastKnownFileType = unknown; explicitFileType = undefined; includeInIndex = 0; };
		60CAEF46F13B4FFF95E7B162 /* icon-72@2x.png */ = {isa = PBXFileReference; name = "icon-72@2x.png"; path = "icon-72@2x.png"; sourceTree = "<group>"; fileEncoding = undefined; lastKnownFileType = unknown; explicitFileType = undefined; includeInIndex = 0; };
		B08B73AF20D346CE82B59E27 /* icon-76.png */ = {isa = PBXFileReference; name = "icon-76.png"; path = "icon-76.png"; sourceTree = "<group>"; fileEncoding = undefined; lastKnownFileType = unknown; explicitFileType = undefined; includeInIndex = 0; };
		13FB85AF160F437793A4D4A0 /* icon-76@2x.png */ = {isa = PBXFileReference; name = "icon-76@2x.png"; path = "icon-76@2x.png"; sourceTree = "<group>"; fileEncoding = undefined; lastKnownFileType = unknown; explicitFileType = undefined; includeInIndex = 0; };
		E27B85FEE50A47A79816421D /* icon-83.5@2x.png */ = {isa = PBXFileReference; name = "icon-83.5@2x.png"; path = "icon-83.5@2x.png"; sourceTree = "<group>"; fileEncoding = undefined; lastKnownFileType = unknown; explicitFileType = undefined; includeInIndex = 0; };
		DC9BE7B495AD4693982507FC /* Icon-Small-50.png */ = {isa = PBXFileReference; name = "Icon-Small-50.png"; path = "Icon-Small-50.png"; sourceTree = "<group>"; fileEncoding = undefined; lastKnownFileType = unknown; explicitFileType = undefined; includeInIndex = 0; };
		4C954605DAD043AB8F20ACD3 /* Icon-Small-50@2x.png */ = {isa = PBXFileReference; name = "Icon-Small-50@2x.png"; path = "Icon-Small-50@2x.png"; sourceTree = "<group>"; fileEncoding = undefined; lastKnownFileType = unknown; explicitFileType = undefined; includeInIndex = 0; };
		977BEA3FE3534EC999AE093F /* Icon-Small.png */ = {isa = PBXFileReference; name = "Icon-Small.png"; path = "Icon-Small.png"; sourceTree = "<group>"; fileEncoding = undefined; lastKnownFileType = unknown; explicitFileType = undefined; includeInIndex = 0; };
		4DF3966664474D53963501AA /* Icon-Small@2x.png */ = {isa = PBXFileReference; name = "Icon-Small@2x.png"; path = "Icon-Small@2x.png"; sourceTree = "<group>"; fileEncoding = undefined; lastKnownFileType = unknown; explicitFileType = undefined; includeInIndex = 0; };
		83E547905AE54A868519F974 /* icon.png */ = {isa = PBXFileReference; name = "icon.png"; path = "icon.png"; sourceTree = "<group>"; fileEncoding = undefined; lastKnownFileType = unknown; explicitFileType = undefined; includeInIndex = 0; };
		B865084B69D04294B56F1646 /* icon@2x.png */ = {isa = PBXFileReference; name = "icon@2x.png"; path = "icon@2x.png"; sourceTree = "<group>"; fileEncoding = undefined; lastKnownFileType = unknown; explicitFileType = undefined; includeInIndex = 0; };
		A6AD867404624A3BBEA08117 /* watch-172x172.png */ = {isa = PBXFileReference; name = "watch-172x172.png"; path = "watch-172x172.png"; sourceTree = "<group>"; fileEncoding = undefined; lastKnownFileType = unknown; explicitFileType = undefined; includeInIndex = 0; };
		43CF507BA84C4E95AC48EC73 /* watch-196x196.png */ = {isa = PBXFileReference; name = "watch-196x196.png"; path = "watch-196x196.png"; sourceTree = "<group>"; fileEncoding = undefined; lastKnownFileType = unknown; explicitFileType = undefined; includeInIndex = 0; };
		93771465521A46B2A6FCBAB5 /* watch-48x48.png */ = {isa = PBXFileReference; name = "watch-48x48.png"; path = "watch-48x48.png"; sourceTree = "<group>"; fileEncoding = undefined; lastKnownFileType = unknown; explicitFileType = undefined; includeInIndex = 0; };
		AA32ED68DFC3429B851CEE9E /* watch-55x55.png */ = {isa = PBXFileReference; name = "watch-55x55.png"; path = "watch-55x55.png"; sourceTree = "<group>"; fileEncoding = undefined; lastKnownFileType = unknown; explicitFileType = undefined; includeInIndex = 0; };
		D3BDF56272F745C1B9939596 /* watch-58x58.png */ = {isa = PBXFileReference; name = "watch-58x58.png"; path = "watch-58x58.png"; sourceTree = "<group>"; fileEncoding = undefined; lastKnownFileType = unknown; explicitFileType = undefined; includeInIndex = 0; };
		C97B65C0ED164803B056B91C /* watch-80x80.png */ = {isa = PBXFileReference; name = "watch-80x80.png"; path = "watch-80x80.png"; sourceTree = "<group>"; fileEncoding = undefined; lastKnownFileType = unknown; explicitFileType = undefined; includeInIndex = 0; };
		8CC90DE3BCE94E5CADF55717 /* watch-87x87.png */ = {isa = PBXFileReference; name = "watch-87x87.png"; path = "watch-87x87.png"; sourceTree = "<group>"; fileEncoding = undefined; lastKnownFileType = unknown; explicitFileType = undefined; includeInIndex = 0; };
		6275AB07AECC4BD9938984C3 /* watch-88x88.png */ = {isa = PBXFileReference; name = "watch-88x88.png"; path = "watch-88x88.png"; sourceTree = "<group>"; fileEncoding = undefined; lastKnownFileType = unknown; explicitFileType = undefined; includeInIndex = 0; };
		044D8CC6BF9E410C8E687B53 /* SQLitePlugin.m */ = {isa = PBXFileReference; name = "SQLitePlugin.m"; path = "com.brodysoft.sqlitePlugin/SQLitePlugin.m"; sourceTree = "<group>"; fileEncoding = 4; lastKnownFileType = sourcecode.c.objc; explicitFileType = undefined; includeInIndex = 0; };
		76BF4F173FBF4BF7911527A2 /* SQLitePlugin.h */ = {isa = PBXFileReference; name = "SQLitePlugin.h"; path = "com.brodysoft.sqlitePlugin/SQLitePlugin.h"; sourceTree = "<group>"; fileEncoding = 4; lastKnownFileType = sourcecode.c.h; explicitFileType = undefined; includeInIndex = 0; };
		DB37898161844F9DA45E90F5 /* libsqlite3.dylib */ = {isa = PBXFileReference; name = "libsqlite3.dylib"; path = "usr/lib/libsqlite3.dylib"; sourceTree = SDKROOT; fileEncoding = undefined; lastKnownFileType = compiled.mach-o.dylib; explicitFileType = undefined; includeInIndex = 0; };
		138ADED347B9438E9F4CF896 /* CDVBattery.m */ = {isa = PBXFileReference; name = "CDVBattery.m"; path = "cordova-plugin-battery-status/CDVBattery.m"; sourceTree = "<group>"; fileEncoding = 4; lastKnownFileType = sourcecode.c.objc; explicitFileType = undefined; includeInIndex = 0; };
		942E783C38DD4633A8E73AC4 /* CDVBattery.h */ = {isa = PBXFileReference; name = "CDVBattery.h"; path = "cordova-plugin-battery-status/CDVBattery.h"; sourceTree = "<group>"; fileEncoding = 4; lastKnownFileType = sourcecode.c.h; explicitFileType = undefined; includeInIndex = 0; };
		A979D32156FF478ABFD129A4 /* CDVLogger.m */ = {isa = PBXFileReference; name = "CDVLogger.m"; path = "cordova-plugin-console/CDVLogger.m"; sourceTree = "<group>"; fileEncoding = 4; lastKnownFileType = sourcecode.c.objc; explicitFileType = undefined; includeInIndex = 0; };
		4F2B5DD4ECCE4C008640C12D /* CDVLogger.h */ = {isa = PBXFileReference; name = "CDVLogger.h"; path = "cordova-plugin-console/CDVLogger.h"; sourceTree = "<group>"; fileEncoding = 4; lastKnownFileType = sourcecode.c.h; explicitFileType = undefined; includeInIndex = 0; };
		5B9164BCC7B6468384073A20 /* CDVDevice.m */ = {isa = PBXFileReference; name = "CDVDevice.m"; path = "cordova-plugin-device/CDVDevice.m"; sourceTree = "<group>"; fileEncoding = 4; lastKnownFileType = sourcecode.c.objc; explicitFileType = undefined; includeInIndex = 0; };
		E7213658DF7B4F6084C75127 /* CDVDevice.h */ = {isa = PBXFileReference; name = "CDVDevice.h"; path = "cordova-plugin-device/CDVDevice.h"; sourceTree = "<group>"; fileEncoding = 4; lastKnownFileType = sourcecode.c.h; explicitFileType = undefined; includeInIndex = 0; };
		902B0F8FB6674FE1BC578D11 /* CDVAccelerometer.m */ = {isa = PBXFileReference; name = "CDVAccelerometer.m"; path = "cordova-plugin-device-motion/CDVAccelerometer.m"; sourceTree = "<group>"; fileEncoding = 4; lastKnownFileType = sourcecode.c.objc; explicitFileType = undefined; includeInIndex = 0; };
		30955A2EF42C4B5B85CEA016 /* CDVAccelerometer.h */ = {isa = PBXFileReference; name = "CDVAccelerometer.h"; path = "cordova-plugin-device-motion/CDVAccelerometer.h"; sourceTree = "<group>"; fileEncoding = 4; lastKnownFileType = sourcecode.c.h; explicitFileType = undefined; includeInIndex = 0; };
		5364A2DC4BD74A06BF26C398 /* CoreMotion.framework */ = {isa = PBXFileReference; name = "CoreMotion.framework"; path = "System/Library/Frameworks/CoreMotion.framework"; sourceTree = SDKROOT; fileEncoding = undefined; lastKnownFileType = wrapper.framework; explicitFileType = undefined; includeInIndex = 0; };
		61326057137A4FEAB2F813CA /* CDVCompass.m */ = {isa = PBXFileReference; name = "CDVCompass.m"; path = "cordova-plugin-device-orientation/CDVCompass.m"; sourceTree = "<group>"; fileEncoding = 4; lastKnownFileType = sourcecode.c.objc; explicitFileType = undefined; includeInIndex = 0; };
		6A68B77898F04D80A46A5C86 /* CDVCompass.h */ = {isa = PBXFileReference; name = "CDVCompass.h"; path = "cordova-plugin-device-orientation/CDVCompass.h"; sourceTree = "<group>"; fileEncoding = 4; lastKnownFileType = sourcecode.c.h; explicitFileType = undefined; includeInIndex = 0; };
		238BCAE457D04A19AFB58BD6 /* CoreLocation.framework */ = {isa = PBXFileReference; name = "CoreLocation.framework"; path = "System/Library/Frameworks/CoreLocation.framework"; sourceTree = SDKROOT; fileEncoding = undefined; lastKnownFileType = wrapper.framework; explicitFileType = undefined; includeInIndex = 0; };
		1E60B73CB58740FABDEE6A0F /* CDVNotification.m */ = {isa = PBXFileReference; name = "CDVNotification.m"; path = "cordova-plugin-dialogs/CDVNotification.m"; sourceTree = "<group>"; fileEncoding = 4; lastKnownFileType = sourcecode.c.objc; explicitFileType = undefined; includeInIndex = 0; };
		2AEC50FA7786442684E3704E /* CDVNotification.h */ = {isa = PBXFileReference; name = "CDVNotification.h"; path = "cordova-plugin-dialogs/CDVNotification.h"; sourceTree = "<group>"; fileEncoding = 4; lastKnownFileType = sourcecode.c.h; explicitFileType = undefined; includeInIndex = 0; };
		AEF62428C19E4CBB950A49E0 /* CDVNotification.bundle */ = {isa = PBXFileReference; name = "CDVNotification.bundle"; path = "CDVNotification.bundle"; sourceTree = "<group>"; fileEncoding = undefined; lastKnownFileType = wrapper.plug-in; explicitFileType = undefined; includeInIndex = 0; };
		1E47393B5C1E4D28BF9B1E06 /* AudioToolbox.framework */ = {isa = PBXFileReference; name = "AudioToolbox.framework"; path = "System/Library/Frameworks/AudioToolbox.framework"; sourceTree = SDKROOT; fileEncoding = undefined; lastKnownFileType = wrapper.framework; explicitFileType = undefined; includeInIndex = 0; };
		E9F271C7608F4D95B2AF2C1F /* CDVFile.m */ = {isa = PBXFileReference; name = "CDVFile.m"; path = "cordova-plugin-file/CDVFile.m"; sourceTree = "<group>"; fileEncoding = 4; lastKnownFileType = sourcecode.c.objc; explicitFileType = undefined; includeInIndex = 0; };
		C6C9CE48811B4C9F83EBA89A /* CDVLocalFilesystem.m */ = {isa = PBXFileReference; name = "CDVLocalFilesystem.m"; path = "cordova-plugin-file/CDVLocalFilesystem.m"; sourceTree = "<group>"; fileEncoding = 4; lastKnownFileType = sourcecode.c.objc; explicitFileType = undefined; includeInIndex = 0; };
		9422F223717C42D498A86B49 /* CDVAssetLibraryFilesystem.m */ = {isa = PBXFileReference; name = "CDVAssetLibraryFilesystem.m"; path = "cordova-plugin-file/CDVAssetLibraryFilesystem.m"; sourceTree = "<group>"; fileEncoding = 4; lastKnownFileType = sourcecode.c.objc; explicitFileType = undefined; includeInIndex = 0; };
		0758D600375F4BEA94835A4A /* CDVFile.h */ = {isa = PBXFileReference; name = "CDVFile.h"; path = "cordova-plugin-file/CDVFile.h"; sourceTree = "<group>"; fileEncoding = 4; lastKnownFileType = sourcecode.c.h; explicitFileType = undefined; includeInIndex = 0; };
		6CB1110891264FB4BF4924CB /* CDVLocalFilesystem.h */ = {isa = PBXFileReference; name = "CDVLocalFilesystem.h"; path = "cordova-plugin-file/CDVLocalFilesystem.h"; sourceTree = "<group>"; fileEncoding = 4; lastKnownFileType = sourcecode.c.h; explicitFileType = undefined; includeInIndex = 0; };
		A7FD7DAF43B442B3A7FCF02E /* CDVAssetLibraryFilesystem.h */ = {isa = PBXFileReference; name = "CDVAssetLibraryFilesystem.h"; path = "cordova-plugin-file/CDVAssetLibraryFilesystem.h"; sourceTree = "<group>"; fileEncoding = 4; lastKnownFileType = sourcecode.c.h; explicitFileType = undefined; includeInIndex = 0; };
		5BB1BFDC586B4CCA874F8396 /* CDVFileTransfer.m */ = {isa = PBXFileReference; name = "CDVFileTransfer.m"; path = "cordova-plugin-file-transfer/CDVFileTransfer.m"; sourceTree = "<group>"; fileEncoding = 4; lastKnownFileType = sourcecode.c.objc; explicitFileType = undefined; includeInIndex = 0; };
		A27C47FAB1F248D59113F9FD /* CDVFileTransfer.h */ = {isa = PBXFileReference; name = "CDVFileTransfer.h"; path = "cordova-plugin-file-transfer/CDVFileTransfer.h"; sourceTree = "<group>"; fileEncoding = 4; lastKnownFileType = sourcecode.c.h; explicitFileType = undefined; includeInIndex = 0; };
		831CF0DC70464F44B208F7E6 /* CDVInAppBrowser.m */ = {isa = PBXFileReference; name = "CDVInAppBrowser.m"; path = "cordova-plugin-inappbrowser/CDVInAppBrowser.m"; sourceTree = "<group>"; fileEncoding = 4; lastKnownFileType = sourcecode.c.objc; explicitFileType = undefined; includeInIndex = 0; };
		06274EB581714876868FD299 /* CDVInAppBrowser.h */ = {isa = PBXFileReference; name = "CDVInAppBrowser.h"; path = "cordova-plugin-inappbrowser/CDVInAppBrowser.h"; sourceTree = "<group>"; fileEncoding = 4; lastKnownFileType = sourcecode.c.h; explicitFileType = undefined; includeInIndex = 0; };
		44F7550F2DC9423C807C1675 /* CDVConnection.m */ = {isa = PBXFileReference; name = "CDVConnection.m"; path = "cordova-plugin-network-information/CDVConnection.m"; sourceTree = "<group>"; fileEncoding = 4; lastKnownFileType = sourcecode.c.objc; explicitFileType = undefined; includeInIndex = 0; };
		FCA687DC291244418EC7E1CD /* CDVReachability.m */ = {isa = PBXFileReference; name = "CDVReachability.m"; path = "cordova-plugin-network-information/CDVReachability.m"; sourceTree = "<group>"; fileEncoding = 4; lastKnownFileType = sourcecode.c.objc; explicitFileType = undefined; includeInIndex = 0; };
		7889102FA5A0499E8D5C9896 /* CDVConnection.h */ = {isa = PBXFileReference; name = "CDVConnection.h"; path = "cordova-plugin-network-information/CDVConnection.h"; sourceTree = "<group>"; fileEncoding = 4; lastKnownFileType = sourcecode.c.h; explicitFileType = undefined; includeInIndex = 0; };
		C243272CD0B2465E95B17B6F /* CDVReachability.h */ = {isa = PBXFileReference; name = "CDVReachability.h"; path = "cordova-plugin-network-information/CDVReachability.h"; sourceTree = "<group>"; fileEncoding = 4; lastKnownFileType = sourcecode.c.h; explicitFileType = undefined; includeInIndex = 0; };
		14496E237B1F4262AAA61ED5 /* SystemConfiguration.framework */ = {isa = PBXFileReference; name = "SystemConfiguration.framework"; path = "System/Library/Frameworks/SystemConfiguration.framework"; sourceTree = SDKROOT; fileEncoding = undefined; lastKnownFileType = wrapper.framework; explicitFileType = undefined; includeInIndex = 0; };
		97DD5C62702F47469C864F2C /* CoreTelephony.framework */ = {isa = PBXFileReference; name = "CoreTelephony.framework"; path = "System/Library/Frameworks/CoreTelephony.framework"; sourceTree = SDKROOT; fileEncoding = undefined; lastKnownFileType = wrapper.framework; explicitFileType = undefined; includeInIndex = 0; };
		25D6D2E35E444C2C98B9C635 /* CDVSplashScreen.m */ = {isa = PBXFileReference; name = "CDVSplashScreen.m"; path = "cordova-plugin-splashscreen/CDVSplashScreen.m"; sourceTree = "<group>"; fileEncoding = 4; lastKnownFileType = sourcecode.c.objc; explicitFileType = undefined; includeInIndex = 0; };
		862993A18AA24B26BA42FDE0 /* CDVViewController+SplashScreen.m */ = {isa = PBXFileReference; name = "CDVViewController+SplashScreen.m"; path = "cordova-plugin-splashscreen/CDVViewController+SplashScreen.m"; sourceTree = "<group>"; fileEncoding = 4; lastKnownFileType = sourcecode.c.objc; explicitFileType = undefined; includeInIndex = 0; };
		5613778BF72D47E1B456B126 /* CDVSplashScreen.h */ = {isa = PBXFileReference; name = "CDVSplashScreen.h"; path = "cordova-plugin-splashscreen/CDVSplashScreen.h"; sourceTree = "<group>"; fileEncoding = 4; lastKnownFileType = sourcecode.c.h; explicitFileType = undefined; includeInIndex = 0; };
		A31C59E49A9F4EBD872357E4 /* CDVViewController+SplashScreen.h */ = {isa = PBXFileReference; name = "CDVViewController+SplashScreen.h"; path = "cordova-plugin-splashscreen/CDVViewController+SplashScreen.h"; sourceTree = "<group>"; fileEncoding = 4; lastKnownFileType = sourcecode.c.h; explicitFileType = undefined; includeInIndex = 0; };
		F5FA0284FB7D44BCBA61842E /* CDVStatusBar.m */ = {isa = PBXFileReference; name = "CDVStatusBar.m"; path = "cordova-plugin-statusbar/CDVStatusBar.m"; sourceTree = "<group>"; fileEncoding = 4; lastKnownFileType = sourcecode.c.objc; explicitFileType = undefined; includeInIndex = 0; };
		7682F7F9AC294F188AF3E1E5 /* CDVStatusBar.h */ = {isa = PBXFileReference; name = "CDVStatusBar.h"; path = "cordova-plugin-statusbar/CDVStatusBar.h"; sourceTree = "<group>"; fileEncoding = 4; lastKnownFileType = sourcecode.c.h; explicitFileType = undefined; includeInIndex = 0; };
		260239D953B8497DBC98B38D /* CDVVibration.m */ = {isa = PBXFileReference; name = "CDVVibration.m"; path = "cordova-plugin-vibration/CDVVibration.m"; sourceTree = "<group>"; fileEncoding = 4; lastKnownFileType = sourcecode.c.objc; explicitFileType = undefined; includeInIndex = 0; };
		10E445F180584159BC412117 /* CDVVibration.h */ = {isa = PBXFileReference; name = "CDVVibration.h"; path = "cordova-plugin-vibration/CDVVibration.h"; sourceTree = "<group>"; fileEncoding = 4; lastKnownFileType = sourcecode.c.h; explicitFileType = undefined; includeInIndex = 0; };
		13352EC2A66D4DB2A96336C7 /* NSString+URLEncoding.m */ = {isa = PBXFileReference; name = "NSString+URLEncoding.m"; path = "nl.x-services.plugins.socialsharing/NSString+URLEncoding.m"; sourceTree = "<group>"; fileEncoding = 4; lastKnownFileType = sourcecode.c.objc; explicitFileType = undefined; includeInIndex = 0; };
		1BB5925E41C2498B8D8620DB /* SocialSharing.m */ = {isa = PBXFileReference; name = "SocialSharing.m"; path = "nl.x-services.plugins.socialsharing/SocialSharing.m"; sourceTree = "<group>"; fileEncoding = 4; lastKnownFileType = sourcecode.c.objc; explicitFileType = undefined; includeInIndex = 0; };
		6338BD78465B453BBE715364 /* NSString+URLEncoding.h */ = {isa = PBXFileReference; name = "NSString+URLEncoding.h"; path = "nl.x-services.plugins.socialsharing/NSString+URLEncoding.h"; sourceTree = "<group>"; fileEncoding = 4; lastKnownFileType = sourcecode.c.h; explicitFileType = undefined; includeInIndex = 0; };
		62AED1D89EBA46709E350BAA /* SocialSharing.h */ = {isa = PBXFileReference; name = "SocialSharing.h"; path = "nl.x-services.plugins.socialsharing/SocialSharing.h"; sourceTree = "<group>"; fileEncoding = 4; lastKnownFileType = sourcecode.c.h; explicitFileType = undefined; includeInIndex = 0; };
		5E8AFCEB32324627A144F05A /* Social.framework */ = {isa = PBXFileReference; name = "Social.framework"; path = "System/Library/Frameworks/Social.framework"; sourceTree = SDKROOT; fileEncoding = undefined; lastKnownFileType = wrapper.framework; explicitFileType = undefined; includeInIndex = 0; };
		6C452AB5FFBF4A8C9A831142 /* MessageUI.framework */ = {isa = PBXFileReference; name = "MessageUI.framework"; path = "System/Library/Frameworks/MessageUI.framework"; sourceTree = SDKROOT; fileEncoding = undefined; lastKnownFileType = wrapper.framework; explicitFileType = undefined; includeInIndex = 0; };
/* End PBXFileReference section */

/* Begin PBXFrameworksBuildPhase section */
		1D60588F0D05DD3D006BFB54 /* Frameworks */ = {
			isa = PBXFrameworksBuildPhase;
			buildActionMask = 2147483647;
			files = (
				301BF552109A68D80062928A /* libCordova.a in Frameworks */,
				5DD92C32C5AE47A1A4F7363C /* libsqlite3.dylib in Frameworks */,
				6444A97179B048B39EDEF46B /* CoreMotion.framework in Frameworks */,
				48FD32B5AB994A86BB95C8DB /* CoreLocation.framework in Frameworks */,
				766193426CE44FCD9A899515 /* AudioToolbox.framework in Frameworks */,
				EAF6C0E109E549D8BD72285C /* SystemConfiguration.framework in Frameworks */,
				882A2C24F05F4103AFCC329A /* CoreTelephony.framework in Frameworks */,
				89C505E0494647AC92869649 /* Social.framework in Frameworks */,
				B713F1CC9A544E4FAACB9EC8 /* MessageUI.framework in Frameworks */,
			);
			runOnlyForDeploymentPostprocessing = 0;
		};
/* End PBXFrameworksBuildPhase section */

/* Begin PBXGroup section */
		080E96DDFE201D6D7F000001 /* Classes */ = {
			isa = PBXGroup;
			children = (
				302D95EE14D2391D003F00A1 /* MainViewController.h */,
				302D95EF14D2391D003F00A1 /* MainViewController.m */,
				302D95F014D2391D003F00A1 /* MainViewController.xib */,
				1D3623240D0F684500981E51 /* AppDelegate.h */,
				1D3623250D0F684500981E51 /* AppDelegate.m */,
			);
			name = Classes;
			path = "nw/Classes";
			sourceTree = SOURCE_ROOT;
		};
		19C28FACFE9D520D11CA2CBB /* Products */ = {
			isa = PBXGroup;
			children = (
				1D6058910D05DD3D006BFB54 /* nw.app */,
			);
			name = Products;
			sourceTree = "<group>";
		};
		29B97314FDCFA39411CA2CEA /* CustomTemplate */ = {
			isa = PBXGroup;
			children = (
				EB87FDF41871DAF40020F90C /* config.xml */,
				EB87FDF31871DA8E0020F90C /* www */,
				EB87FDF11871DA420020F90C /* Staging */,
				301BF52D109A57CC0062928A /* CordovaLib.xcodeproj */,
				080E96DDFE201D6D7F000001 /* Classes */,
				307C750510C5A3420062BCA9 /* Plugins */,
				29B97315FDCFA39411CA2CEA /* Other Sources */,
				29B97317FDCFA39411CA2CEA /* Resources */,
				29B97323FDCFA39411CA2CEA /* Frameworks */,
				19C28FACFE9D520D11CA2CBB /* Products */,
			);
			name = CustomTemplate;
			sourceTree = "<group>";
		};
		29B97315FDCFA39411CA2CEA /* Other Sources */ = {
			isa = PBXGroup;
			children = (
				32CA4F630368D1EE00C91783 /* nw-Prefix.pch */,
				29B97316FDCFA39411CA2CEA /* main.m */,
				ED33DF2A687741AEAF9F8254 /* Bridging-Header.h */,
			);
			name = "Other Sources";
			path = "nw";
			sourceTree = "<group>";
		};
		29B97317FDCFA39411CA2CEA /* Resources */ = {
			isa = PBXGroup;
			children = (
				3047A50E1AB8057F00498E2A /* config */,
				8D1107310486CEB800E47090 /* nw-Info.plist */,
				6AFF5BF81D6E424B00AB3073 /* CDVLaunchScreen.storyboard */,
				D24BE85F2C3D40F8A1D780E7 /* Default-568h@2x.png */,
				42F2CBEBEABC45329DCBAE30 /* Default-667h.png */,
				6A728909BAF34BEA9B442DDA /* Default-736h.png */,
				CDC26DD4DAFE447CB6C7FADD /* Default-Landscape-1366@2x.png */,
				086A8053A38148E8BF37D89F /* Default-Landscape-667h.png */,
				661E88C81F4D4144AA7C132D /* Default-Landscape-736h.png */,
				4FFCC28A24424A62A690F1C9 /* Default-Landscape.png */,
				8351F094A8914FA68A2D84D0 /* Default-Landscape@2x.png */,
				3194A0C6F1F44396A5EA46A9 /* Default-Portrait-1366@2x.png */,
				A89040FF8F534EBFAFC6A964 /* Default-Portrait.png */,
				3E19812EC6C14445A65F900E /* Default-Portrait@2x.png */,
				EF7ADDC9AD684AD69A7E7694 /* Default.png */,
				E6180A3C11D34E4D8F455285 /* Default@2x.png */,
				BD088A7ABA574EE98816A6C3 /* icon-40.png */,
				F79E7D9B50D74D0C8C9F8335 /* icon-40@2x.png */,
				32FED76C729A41869988445F /* Icon-40@3x.png */,
				0E56C1249399490F9FC172FA /* icon-60.png */,
				E33552F918B143719D68B326 /* icon-60@2x.png */,
				412C6379320640E1B9C88604 /* Icon-60@3x.png */,
				02535C1981C04BB2BBDEF8BC /* icon-72.png */,
				60CAEF46F13B4FFF95E7B162 /* icon-72@2x.png */,
				B08B73AF20D346CE82B59E27 /* icon-76.png */,
				13FB85AF160F437793A4D4A0 /* icon-76@2x.png */,
				E27B85FEE50A47A79816421D /* icon-83.5@2x.png */,
				DC9BE7B495AD4693982507FC /* Icon-Small-50.png */,
				4C954605DAD043AB8F20ACD3 /* Icon-Small-50@2x.png */,
				977BEA3FE3534EC999AE093F /* Icon-Small.png */,
				4DF3966664474D53963501AA /* Icon-Small@2x.png */,
				83E547905AE54A868519F974 /* icon.png */,
				B865084B69D04294B56F1646 /* icon@2x.png */,
				A6AD867404624A3BBEA08117 /* watch-172x172.png */,
				43CF507BA84C4E95AC48EC73 /* watch-196x196.png */,
				93771465521A46B2A6FCBAB5 /* watch-48x48.png */,
				AA32ED68DFC3429B851CEE9E /* watch-55x55.png */,
				D3BDF56272F745C1B9939596 /* watch-58x58.png */,
				C97B65C0ED164803B056B91C /* watch-80x80.png */,
				8CC90DE3BCE94E5CADF55717 /* watch-87x87.png */,
				6275AB07AECC4BD9938984C3 /* watch-88x88.png */,
				AEF62428C19E4CBB950A49E0 /* CDVNotification.bundle */,
			);
			name = Resources;
			path = "nw/Resources";
			sourceTree = "<group>";
		};
		29B97323FDCFA39411CA2CEA /* Frameworks */ = {
			isa = PBXGroup;
			children = (
				DB37898161844F9DA45E90F5 /* libsqlite3.dylib */,
				5364A2DC4BD74A06BF26C398 /* CoreMotion.framework */,
				238BCAE457D04A19AFB58BD6 /* CoreLocation.framework */,
				1E47393B5C1E4D28BF9B1E06 /* AudioToolbox.framework */,
				14496E237B1F4262AAA61ED5 /* SystemConfiguration.framework */,
				97DD5C62702F47469C864F2C /* CoreTelephony.framework */,
				5E8AFCEB32324627A144F05A /* Social.framework */,
				6C452AB5FFBF4A8C9A831142 /* MessageUI.framework */,
			);
			name = Frameworks;
			sourceTree = "<group>";
		};
		301BF52E109A57CC0062928A /* Products */ = {
			isa = PBXGroup;
			children = (
				301BF535109A57CC0062928A /* libCordova.a */,
			);
			name = Products;
			sourceTree = "<group>";
		};
		3047A50E1AB8057F00498E2A /* config */ = {
			isa = PBXGroup;
			children = (
				3047A50F1AB8059700498E2A /* build-debug.xcconfig */,
				3047A5101AB8059700498E2A /* build-release.xcconfig */,
				3047A5111AB8059700498E2A /* build.xcconfig */,
			);
			name = config;
			sourceTree = "<group>";
		};
		307C750510C5A3420062BCA9 /* Plugins */ = {
			isa = PBXGroup;
			children = (
				044D8CC6BF9E410C8E687B53 /* SQLitePlugin.m */,
				76BF4F173FBF4BF7911527A2 /* SQLitePlugin.h */,
				138ADED347B9438E9F4CF896 /* CDVBattery.m */,
				942E783C38DD4633A8E73AC4 /* CDVBattery.h */,
				A979D32156FF478ABFD129A4 /* CDVLogger.m */,
				4F2B5DD4ECCE4C008640C12D /* CDVLogger.h */,
				5B9164BCC7B6468384073A20 /* CDVDevice.m */,
				E7213658DF7B4F6084C75127 /* CDVDevice.h */,
				902B0F8FB6674FE1BC578D11 /* CDVAccelerometer.m */,
				30955A2EF42C4B5B85CEA016 /* CDVAccelerometer.h */,
				61326057137A4FEAB2F813CA /* CDVCompass.m */,
				6A68B77898F04D80A46A5C86 /* CDVCompass.h */,
				1E60B73CB58740FABDEE6A0F /* CDVNotification.m */,
				2AEC50FA7786442684E3704E /* CDVNotification.h */,
				E9F271C7608F4D95B2AF2C1F /* CDVFile.m */,
				C6C9CE48811B4C9F83EBA89A /* CDVLocalFilesystem.m */,
				9422F223717C42D498A86B49 /* CDVAssetLibraryFilesystem.m */,
				0758D600375F4BEA94835A4A /* CDVFile.h */,
				6CB1110891264FB4BF4924CB /* CDVLocalFilesystem.h */,
				A7FD7DAF43B442B3A7FCF02E /* CDVAssetLibraryFilesystem.h */,
				5BB1BFDC586B4CCA874F8396 /* CDVFileTransfer.m */,
				A27C47FAB1F248D59113F9FD /* CDVFileTransfer.h */,
				831CF0DC70464F44B208F7E6 /* CDVInAppBrowser.m */,
				06274EB581714876868FD299 /* CDVInAppBrowser.h */,
				44F7550F2DC9423C807C1675 /* CDVConnection.m */,
				FCA687DC291244418EC7E1CD /* CDVReachability.m */,
				7889102FA5A0499E8D5C9896 /* CDVConnection.h */,
				C243272CD0B2465E95B17B6F /* CDVReachability.h */,
				25D6D2E35E444C2C98B9C635 /* CDVSplashScreen.m */,
				862993A18AA24B26BA42FDE0 /* CDVViewController+SplashScreen.m */,
				5613778BF72D47E1B456B126 /* CDVSplashScreen.h */,
				A31C59E49A9F4EBD872357E4 /* CDVViewController+SplashScreen.h */,
				F5FA0284FB7D44BCBA61842E /* CDVStatusBar.m */,
				7682F7F9AC294F188AF3E1E5 /* CDVStatusBar.h */,
				260239D953B8497DBC98B38D /* CDVVibration.m */,
				10E445F180584159BC412117 /* CDVVibration.h */,
				13352EC2A66D4DB2A96336C7 /* NSString+URLEncoding.m */,
				1BB5925E41C2498B8D8620DB /* SocialSharing.m */,
				6338BD78465B453BBE715364 /* NSString+URLEncoding.h */,
				62AED1D89EBA46709E350BAA /* SocialSharing.h */,
			);
			name = Plugins;
			path = "nw/Plugins";
			sourceTree = SOURCE_ROOT;
		};
		EB87FDF11871DA420020F90C /* Staging */ = {
			isa = PBXGroup;
			children = (
				F840E1F0165FE0F500CFE078 /* config.xml */,
				301BF56E109A69640062928A /* www */,
			);
			name = Staging;
			sourceTree = "<group>";
		};
/* End PBXGroup section */

/* Begin PBXNativeTarget section */
		1D6058900D05DD3D006BFB54 /* nw */ = {
			isa = PBXNativeTarget;
			buildConfigurationList = 1D6058960D05DD3E006BFB54 /* Build configuration list for PBXNativeTarget "nw" */;
			buildPhases = (
				304B58A110DAC018002A0835 /* Copy www directory */,
				1D60588D0D05DD3D006BFB54 /* Resources */,
				1D60588E0D05DD3D006BFB54 /* Sources */,
				1D60588F0D05DD3D006BFB54 /* Frameworks */,
			);
			buildRules = (
			);
			dependencies = (
				301BF551109A68C00062928A /* PBXTargetDependency */,
			);
			name = "nw";
			productName = "nw";
			productReference = 1D6058910D05DD3D006BFB54 /* nw.app */;
			productType = "com.apple.product-type.application";
		};
/* End PBXNativeTarget section */

/* Begin PBXProject section */
		29B97313FDCFA39411CA2CEA /* Project object */ = {
			isa = PBXProject;
			attributes = {
				LastUpgradeCheck = 510;
			};
			buildConfigurationList = C01FCF4E08A954540054247B /* Build configuration list for PBXProject "__NON-CLI__" */;
			compatibilityVersion = "Xcode 3.2";
			developmentRegion = English;
			hasScannedForEncodings = 1;
			mainGroup = 29B97314FDCFA39411CA2CEA /* CustomTemplate */;
			projectDirPath = "";
			projectReferences = (
				{
					ProductGroup = 301BF52E109A57CC0062928A /* Products */;
					ProjectRef = 301BF52D109A57CC0062928A /* CordovaLib.xcodeproj */;
				},
			);
			projectRoot = "";
			targets = (
				1D6058900D05DD3D006BFB54 /* nw */,
			);
		};
/* End PBXProject section */

/* Begin PBXReferenceProxy section */
		301BF535109A57CC0062928A /* libCordova.a */ = {
			isa = PBXReferenceProxy;
			fileType = archive.ar;
			path = libCordova.a;
			remoteRef = 301BF534109A57CC0062928A /* PBXContainerItemProxy */;
			sourceTree = BUILT_PRODUCTS_DIR;
		};
/* End PBXReferenceProxy section */

/* Begin PBXResourcesBuildPhase section */
		1D60588D0D05DD3D006BFB54 /* Resources */ = {
			isa = PBXResourcesBuildPhase;
			buildActionMask = 2147483647;
			files = (
				302D95F214D2391D003F00A1 /* MainViewController.xib in Resources */,
				6AFF5BF91D6E424B00AB3073 /* CDVLaunchScreen.storyboard in Resources */,
				C917F1F4F9AD4C7D9AECE3D1 /* Default-568h@2x.png in Resources */,
				E1D72B1801D845C19C96AD21 /* Default-667h.png in Resources */,
				5E562E08D2E3471FBA9BADE3 /* Default-736h.png in Resources */,
				37BAE696BAE14EF4B6045A8D /* Default-Landscape-1366@2x.png in Resources */,
				0039CBC5C8974F90BCE40380 /* Default-Landscape-667h.png in Resources */,
				3C7E1F2D2F6348EAA0B53241 /* Default-Landscape-736h.png in Resources */,
				06C4E1D211DC497AA9CC981C /* Default-Landscape.png in Resources */,
				8734AE72E57743AE844DC67A /* Default-Landscape@2x.png in Resources */,
				C011E394E5F04863AD86DF38 /* Default-Portrait-1366@2x.png in Resources */,
				0BB0F8B1089949C5AF86F5D9 /* Default-Portrait.png in Resources */,
				29088416B77249E093F7C990 /* Default-Portrait@2x.png in Resources */,
				4E1335F80B444EBB841D5ECB /* Default.png in Resources */,
				DA24E6F547E94221BAD31C48 /* Default@2x.png in Resources */,
				18538558400D48C4BBD5E3DA /* icon-40.png in Resources */,
				3EE39D88F681417790314279 /* icon-40@2x.png in Resources */,
				FAF702EF72484C5D836E82AE /* Icon-40@3x.png in Resources */,
				2E2B4905361B49A2845AC197 /* icon-60.png in Resources */,
				ECDE38CB0B444FB69C21BE8F /* icon-60@2x.png in Resources */,
				6273520E324D42F2849E5850 /* Icon-60@3x.png in Resources */,
				4CE7617FDF61400CA8DD979A /* icon-72.png in Resources */,
				12FECD3C646E49B5A049012C /* icon-72@2x.png in Resources */,
				414025FF3AA74D53A27B11BF /* icon-76.png in Resources */,
				E30DF32254DD47EA8E60EE15 /* icon-76@2x.png in Resources */,
				14B44EA2E18145AAA2C3D00C /* icon-83.5@2x.png in Resources */,
				938F50DE34824D7AA9BF8611 /* Icon-Small-50.png in Resources */,
				53FE0D6291754D72A8CA6139 /* Icon-Small-50@2x.png in Resources */,
				2577A115042044899BF25670 /* Icon-Small.png in Resources */,
				6338BF3617854DAF87F7C763 /* Icon-Small@2x.png in Resources */,
				5C30DB061B4D4DE8AE9A3315 /* icon.png in Resources */,
				A8B06AA28147478DB32A9D4F /* icon@2x.png in Resources */,
				595B20DB24C74E3E8A0AFA08 /* watch-172x172.png in Resources */,
				11EDF1B83E2B440187257A73 /* watch-196x196.png in Resources */,
				FD0FD586C5BE4AFCB12BB6D7 /* watch-48x48.png in Resources */,
				316A6E907D0C46CE804286D7 /* watch-55x55.png in Resources */,
				D5E012E2DAB84A8BBF0EA8A1 /* watch-58x58.png in Resources */,
				2C928E6CD1B946E19830060F /* watch-80x80.png in Resources */,
				62BD0742B382403C8DA03AF4 /* watch-87x87.png in Resources */,
				86F3091EDCED4A408D2B7703 /* watch-88x88.png in Resources */,
				A8B4A5A4B14E4460B73476B3 /* CDVNotification.bundle in Resources */,
			);
			runOnlyForDeploymentPostprocessing = 0;
		};
/* End PBXResourcesBuildPhase section */

/* Begin PBXShellScriptBuildPhase section */
		304B58A110DAC018002A0835 /* Copy www directory */ = {
			isa = PBXShellScriptBuildPhase;
			buildActionMask = 2147483647;
			files = (
			);
			inputPaths = (
			);
			name = "Copy www directory";
			outputPaths = (
			);
			runOnlyForDeploymentPostprocessing = 0;
			shellPath = /bin/sh;
			shellScript = "NODEJS_PATH=/usr/local/bin; NVM_NODE_PATH=~/.nvm/versions/node/`nvm version 2>/dev/null`/bin; N_NODE_PATH=`find /usr/local/n/versions/node/* -maxdepth 0 -type d 2>/dev/null | tail -1`/bin; XCODE_NODE_PATH=`xcode-select --print-path`/usr/share/xcs/Node/bin; PATH=$NODEJS_PATH:$NVM_NODE_PATH:$N_NODE_PATH:$XCODE_NODE_PATH:$PATH && node cordova/lib/copy-www-build-step.js";
			showEnvVarsInLog = 0;
		};
/* End PBXShellScriptBuildPhase section */

/* Begin PBXSourcesBuildPhase section */
		1D60588E0D05DD3D006BFB54 /* Sources */ = {
			isa = PBXSourcesBuildPhase;
			buildActionMask = 2147483647;
			files = (
				1D60589B0D05DD56006BFB54 /* main.m in Sources */,
				1D3623260D0F684500981E51 /* AppDelegate.m in Sources */,
				302D95F114D2391D003F00A1 /* MainViewController.m in Sources */,
				A0E90DE78797478F89BB39A2 /* SQLitePlugin.m in Sources */,
				1BE8D509EC244C53820135C9 /* CDVBattery.m in Sources */,
				0CA7E7107D2042E0AC914E82 /* CDVLogger.m in Sources */,
				ECA3E7D6F1DC4A048C93E535 /* CDVDevice.m in Sources */,
				862861A942E24C7ABAF34633 /* CDVAccelerometer.m in Sources */,
				C652C8D17D504892B33C2115 /* CDVCompass.m in Sources */,
				19901148B049468EAF1698F7 /* CDVNotification.m in Sources */,
				C63895D32FC2452A874425FD /* CDVFile.m in Sources */,
				D2F79A6405164A3AB30453C7 /* CDVLocalFilesystem.m in Sources */,
				8360372618E54F2CB8206239 /* CDVAssetLibraryFilesystem.m in Sources */,
				2776E8672A91448DB6F662CF /* CDVFileTransfer.m in Sources */,
				53ADB701EEA3494193162EC4 /* CDVInAppBrowser.m in Sources */,
				56C5F40D5DC74DD180756666 /* CDVConnection.m in Sources */,
				5839807C6F024455AA78D038 /* CDVReachability.m in Sources */,
				5F4C82AC306A46BEBFAA77EB /* CDVSplashScreen.m in Sources */,
				C6E23830F218408FBC2589DF /* CDVViewController+SplashScreen.m in Sources */,
				F321B388D4BC47E3BFD8D1D4 /* CDVStatusBar.m in Sources */,
				8C25CFCEABD746B0A45642B6 /* CDVVibration.m in Sources */,
				00B5C9ED09294A92AA1F7741 /* NSString+URLEncoding.m in Sources */,
				3E28A4F475384A48A1F31013 /* SocialSharing.m in Sources */,
			);
			runOnlyForDeploymentPostprocessing = 0;
		};
/* End PBXSourcesBuildPhase section */

/* Begin PBXTargetDependency section */
		301BF551109A68C00062928A /* PBXTargetDependency */ = {
			isa = PBXTargetDependency;
			name = CordovaLib;
			targetProxy = 301BF550109A68C00062928A /* PBXContainerItemProxy */;
		};
/* End PBXTargetDependency section */

/* Begin XCBuildConfiguration section */
		1D6058940D05DD3E006BFB54 /* Debug */ = {
			isa = XCBuildConfiguration;
			baseConfigurationReference = 3047A50F1AB8059700498E2A /* build-debug.xcconfig */;
			buildSettings = {
				ALWAYS_SEARCH_USER_PATHS = NO;
				ASSETCATALOG_COMPILER_APPICON_NAME = AppIcon;
				ASSETCATALOG_COMPILER_LAUNCHIMAGE_NAME = LaunchImage;
				CLANG_ENABLE_MODULES = YES;
				CLANG_ENABLE_OBJC_ARC = YES;
				COPY_PHASE_STRIP = NO;
				GCC_DYNAMIC_NO_PIC = NO;
				GCC_OPTIMIZATION_LEVEL = 0;
				GCC_PRECOMPILE_PREFIX_HEADER = YES;
				GCC_PREFIX_HEADER = "nw/nw-Prefix.pch";
				GCC_THUMB_SUPPORT = NO;
				GCC_VERSION = "";
				INFOPLIST_FILE = "nw/nw-Info.plist";
				IPHONEOS_DEPLOYMENT_TARGET = 8.0;
				LD_RUNPATH_SEARCH_PATHS = "@executable_path/Frameworks";
				TARGETED_DEVICE_FAMILY = "1,2";
				PRODUCT_NAME = "nw";
			};
			name = Debug;
		};
		1D6058950D05DD3E006BFB54 /* Release */ = {
			isa = XCBuildConfiguration;
			baseConfigurationReference = 3047A5101AB8059700498E2A /* build-release.xcconfig */;
			buildSettings = {
				ALWAYS_SEARCH_USER_PATHS = NO;
				ASSETCATALOG_COMPILER_APPICON_NAME = AppIcon;
				ASSETCATALOG_COMPILER_LAUNCHIMAGE_NAME = LaunchImage;
				CLANG_ENABLE_MODULES = YES;
				CLANG_ENABLE_OBJC_ARC = YES;
				COPY_PHASE_STRIP = YES;
				GCC_PRECOMPILE_PREFIX_HEADER = YES;
				GCC_PREFIX_HEADER = "nw/nw-Prefix.pch";
				GCC_THUMB_SUPPORT = NO;
				GCC_VERSION = "";
				INFOPLIST_FILE = "nw/nw-Info.plist";
				IPHONEOS_DEPLOYMENT_TARGET = 8.0;
				LD_RUNPATH_SEARCH_PATHS = "@executable_path/Frameworks";
				TARGETED_DEVICE_FAMILY = "1,2";
				PRODUCT_NAME = "nw";
			};
			name = Release;
		};
		C01FCF4F08A954540054247B /* Debug */ = {
			isa = XCBuildConfiguration;
			baseConfigurationReference = 3047A5111AB8059700498E2A /* build.xcconfig */;
			buildSettings = {
				CLANG_ENABLE_MODULES = YES;
				CLANG_ENABLE_OBJC_ARC = YES;
				CLANG_WARN_BOOL_CONVERSION = YES;
				CLANG_WARN_CONSTANT_CONVERSION = YES;
				CLANG_WARN_EMPTY_BODY = YES;
				CLANG_WARN_ENUM_CONVERSION = YES;
				CLANG_WARN_INT_CONVERSION = YES;
				CLANG_WARN__DUPLICATE_METHOD_MATCH = YES;
				GCC_C_LANGUAGE_STANDARD = c99;
				GCC_THUMB_SUPPORT = NO;
				GCC_VERSION = "";
				GCC_WARN_ABOUT_RETURN_TYPE = YES;
				GCC_WARN_UNDECLARED_SELECTOR = YES;
				GCC_WARN_UNINITIALIZED_AUTOS = YES;
				GCC_WARN_UNUSED_FUNCTION = YES;
				GCC_WARN_UNUSED_VARIABLE = YES;
				ONLY_ACTIVE_ARCH = YES;
				SDKROOT = iphoneos;
				SKIP_INSTALL = NO;
			};
			name = Debug;
		};
		C01FCF5008A954540054247B /* Release */ = {
			isa = XCBuildConfiguration;
			baseConfigurationReference = 3047A5111AB8059700498E2A /* build.xcconfig */;
			buildSettings = {
				CLANG_ENABLE_MODULES = YES;
				CLANG_ENABLE_OBJC_ARC = YES;
				CLANG_WARN_BOOL_CONVERSION = YES;
				CLANG_WARN_CONSTANT_CONVERSION = YES;
				CLANG_WARN_EMPTY_BODY = YES;
				CLANG_WARN_ENUM_CONVERSION = YES;
				CLANG_WARN_INT_CONVERSION = YES;
				CLANG_WARN__DUPLICATE_METHOD_MATCH = YES;
				GCC_C_LANGUAGE_STANDARD = c99;
				GCC_THUMB_SUPPORT = NO;
				GCC_VERSION = "";
				GCC_WARN_ABOUT_RETURN_TYPE = YES;
				GCC_WARN_UNDECLARED_SELECTOR = YES;
				GCC_WARN_UNINITIALIZED_AUTOS = YES;
				GCC_WARN_UNUSED_FUNCTION = YES;
				GCC_WARN_UNUSED_VARIABLE = YES;
				SDKROOT = iphoneos;
				SKIP_INSTALL = NO;
			};
			name = Release;
		};
/* End XCBuildConfiguration section */

/* Begin XCConfigurationList section */
		1D6058960D05DD3E006BFB54 /* Build configuration list for PBXNativeTarget "nw" */ = {
			isa = XCConfigurationList;
			buildConfigurations = (
				1D6058940D05DD3E006BFB54 /* Debug */,
				1D6058950D05DD3E006BFB54 /* Release */,
			);
			defaultConfigurationIsVisible = 0;
			defaultConfigurationName = Release;
		};
		C01FCF4E08A954540054247B /* Build configuration list for PBXProject "__NON-CLI__" */ = {
			isa = XCConfigurationList;
			buildConfigurations = (
				C01FCF4F08A954540054247B /* Debug */,
				C01FCF5008A954540054247B /* Release */,
			);
			defaultConfigurationIsVisible = 0;
			defaultConfigurationName = Release;
		};
/* End XCConfigurationList section */
	};
	rootObject = 29B97313FDCFA39411CA2CEA /* Project object */;
}
